// !$*UTF8*$!
{
	archiveVersion = 1;
	classes = {
	};
	objectVersion = 56;
	objects = {

/* Begin PBXBuildFile section */
		D72E0A522A979AF3004FC9B2 /* AppDelegate.swift in Sources */ = {isa = PBXBuildFile; fileRef = D72E0A512A979AF3004FC9B2 /* AppDelegate.swift */; };
		D72E0A542A979AF3004FC9B2 /* SceneDelegate.swift in Sources */ = {isa = PBXBuildFile; fileRef = D72E0A532A979AF3004FC9B2 /* SceneDelegate.swift */; };
		D72E0A562A979AF3004FC9B2 /* OffersViewController.swift in Sources */ = {isa = PBXBuildFile; fileRef = D72E0A552A979AF3004FC9B2 /* OffersViewController.swift */; };
		D72E0A592A979AF3004FC9B2 /* Main.storyboard in Resources */ = {isa = PBXBuildFile; fileRef = D72E0A572A979AF3004FC9B2 /* Main.storyboard */; };
		D72E0A5B2A979AF5004FC9B2 /* Assets.xcassets in Resources */ = {isa = PBXBuildFile; fileRef = D72E0A5A2A979AF5004FC9B2 /* Assets.xcassets */; };
		D72E0A5E2A979AF5004FC9B2 /* LaunchScreen.storyboard in Resources */ = {isa = PBXBuildFile; fileRef = D72E0A5C2A979AF5004FC9B2 /* LaunchScreen.storyboard */; };
		D72E0A732A97B0DF004FC9B2 /* OfferCell.swift in Sources */ = {isa = PBXBuildFile; fileRef = D72E0A712A97B0DF004FC9B2 /* OfferCell.swift */; };
		D79D2EF22A98E0CD0023DC3D /* OfferModel.swift in Sources */ = {isa = PBXBuildFile; fileRef = D79D2EF12A98E0CD0023DC3D /* OfferModel.swift */; };
		D79D2EF42A98E39E0023DC3D /* OfferDetailModel.swift in Sources */ = {isa = PBXBuildFile; fileRef = D79D2EF32A98E39E0023DC3D /* OfferDetailModel.swift */; };
		D79D2EF72A98E4DC0023DC3D /* OffersViewModel.swift in Sources */ = {isa = PBXBuildFile; fileRef = D79D2EF62A98E4DC0023DC3D /* OffersViewModel.swift */; };
		D7F290202A9E237600FB894C /* OfferDetailViewController.swift in Sources */ = {isa = PBXBuildFile; fileRef = D7F2901F2A9E237600FB894C /* OfferDetailViewController.swift */; };
		D7F290222A9E5F2500FB894C /* OfferDetailViewModel.swift in Sources */ = {isa = PBXBuildFile; fileRef = D7F290212A9E5F2500FB894C /* OfferDetailViewModel.swift */; };
/* End PBXBuildFile section */

/* Begin PBXFileReference section */
		D72E0A4E2A979AF3004FC9B2 /* VodaTest.app */ = {isa = PBXFileReference; explicitFileType = wrapper.application; includeInIndex = 0; path = VodaTest.app; sourceTree = BUILT_PRODUCTS_DIR; };
		D72E0A512A979AF3004FC9B2 /* AppDelegate.swift */ = {isa = PBXFileReference; lastKnownFileType = sourcecode.swift; path = AppDelegate.swift; sourceTree = "<group>"; };
		D72E0A532A979AF3004FC9B2 /* SceneDelegate.swift */ = {isa = PBXFileReference; lastKnownFileType = sourcecode.swift; path = SceneDelegate.swift; sourceTree = "<group>"; };
		D72E0A552A979AF3004FC9B2 /* OffersViewController.swift */ = {isa = PBXFileReference; lastKnownFileType = sourcecode.swift; path = OffersViewController.swift; sourceTree = "<group>"; };
		D72E0A582A979AF3004FC9B2 /* Base */ = {isa = PBXFileReference; lastKnownFileType = file.storyboard; name = Base; path = Base.lproj/Main.storyboard; sourceTree = "<group>"; };
		D72E0A5A2A979AF5004FC9B2 /* Assets.xcassets */ = {isa = PBXFileReference; lastKnownFileType = folder.assetcatalog; path = Assets.xcassets; sourceTree = "<group>"; };
		D72E0A5D2A979AF5004FC9B2 /* Base */ = {isa = PBXFileReference; lastKnownFileType = file.storyboard; name = Base; path = Base.lproj/LaunchScreen.storyboard; sourceTree = "<group>"; };
		D72E0A5F2A979AF5004FC9B2 /* Info.plist */ = {isa = PBXFileReference; lastKnownFileType = text.plist.xml; path = Info.plist; sourceTree = "<group>"; };
		D72E0A712A97B0DF004FC9B2 /* OfferCell.swift */ = {isa = PBXFileReference; lastKnownFileType = sourcecode.swift; path = OfferCell.swift; sourceTree = "<group>"; };
		D79D2EF12A98E0CD0023DC3D /* OfferModel.swift */ = {isa = PBXFileReference; lastKnownFileType = sourcecode.swift; path = OfferModel.swift; sourceTree = "<group>"; };
		D79D2EF32A98E39E0023DC3D /* OfferDetailModel.swift */ = {isa = PBXFileReference; lastKnownFileType = sourcecode.swift; path = OfferDetailModel.swift; sourceTree = "<group>"; };
		D79D2EF62A98E4DC0023DC3D /* OffersViewModel.swift */ = {isa = PBXFileReference; lastKnownFileType = sourcecode.swift; path = OffersViewModel.swift; sourceTree = "<group>"; };
		D7F2901F2A9E237600FB894C /* OfferDetailViewController.swift */ = {isa = PBXFileReference; lastKnownFileType = sourcecode.swift; path = OfferDetailViewController.swift; sourceTree = "<group>"; };
		D7F290212A9E5F2500FB894C /* OfferDetailViewModel.swift */ = {isa = PBXFileReference; lastKnownFileType = sourcecode.swift; path = OfferDetailViewModel.swift; sourceTree = "<group>"; };
/* End PBXFileReference section */

/* Begin PBXFrameworksBuildPhase section */
		D72E0A4B2A979AF3004FC9B2 /* Frameworks */ = {
			isa = PBXFrameworksBuildPhase;
			buildActionMask = 2147483647;
			files = (
			);
			runOnlyForDeploymentPostprocessing = 0;
		};
/* End PBXFrameworksBuildPhase section */

/* Begin PBXGroup section */
		D72E0A452A979AF3004FC9B2 = {
			isa = PBXGroup;
			children = (
				D72E0A502A979AF3004FC9B2 /* VodaTest */,
				D72E0A4F2A979AF3004FC9B2 /* Products */,
			);
			sourceTree = "<group>";
		};
		D72E0A4F2A979AF3004FC9B2 /* Products */ = {
			isa = PBXGroup;
			children = (
				D72E0A4E2A979AF3004FC9B2 /* VodaTest.app */,
			);
			name = Products;
			sourceTree = "<group>";
		};
		D72E0A502A979AF3004FC9B2 /* VodaTest */ = {
			isa = PBXGroup;
			children = (
				D72E0A652A97A945004FC9B2 /* Models */,
				D72E0A682A97AD68004FC9B2 /* Screens */,
				D72E0A512A979AF3004FC9B2 /* AppDelegate.swift */,
				D72E0A532A979AF3004FC9B2 /* SceneDelegate.swift */,
				D72E0A572A979AF3004FC9B2 /* Main.storyboard */,
				D72E0A5A2A979AF5004FC9B2 /* Assets.xcassets */,
				D72E0A5C2A979AF5004FC9B2 /* LaunchScreen.storyboard */,
				D72E0A5F2A979AF5004FC9B2 /* Info.plist */,
			);
			path = VodaTest;
			sourceTree = "<group>";
		};
		D72E0A652A97A945004FC9B2 /* Models */ = {
			isa = PBXGroup;
			children = (
				D79D2EF12A98E0CD0023DC3D /* OfferModel.swift */,
				D79D2EF32A98E39E0023DC3D /* OfferDetailModel.swift */,
			);
			path = Models;
			sourceTree = "<group>";
		};
		D72E0A662A97A950004FC9B2 /* View */ = {
			isa = PBXGroup;
			children = (
				D79D2EFA2A98E8510023DC3D /* Detail */,
				D72E0A6A2A97AF3B004FC9B2 /* Cell */,
				D72E0A552A979AF3004FC9B2 /* OffersViewController.swift */,
			);
			path = View;
			sourceTree = "<group>";
		};
		D72E0A682A97AD68004FC9B2 /* Screens */ = {
			isa = PBXGroup;
			children = (
				D72E0A692A97AD8C004FC9B2 /* Offers */,
			);
			path = Screens;
			sourceTree = "<group>";
		};
		D72E0A692A97AD8C004FC9B2 /* Offers */ = {
			isa = PBXGroup;
			children = (
				D79D2EF52A98E4B00023DC3D /* ViewModels */,
				D72E0A662A97A950004FC9B2 /* View */,
			);
			path = Offers;
			sourceTree = "<group>";
		};
		D72E0A6A2A97AF3B004FC9B2 /* Cell */ = {
			isa = PBXGroup;
			children = (
				D72E0A712A97B0DF004FC9B2 /* OfferCell.swift */,
			);
			path = Cell;
			sourceTree = "<group>";
		};
		D79D2EF52A98E4B00023DC3D /* ViewModels */ = {
			isa = PBXGroup;
			children = (
				D79D2EF62A98E4DC0023DC3D /* OffersViewModel.swift */,
				D7F290212A9E5F2500FB894C /* OfferDetailViewModel.swift */,
			);
			path = ViewModels;
			sourceTree = "<group>";
		};
		D79D2EFA2A98E8510023DC3D /* Detail */ = {
			isa = PBXGroup;
			children = (
				D7F2901F2A9E237600FB894C /* OfferDetailViewController.swift */,
			);
			path = Detail;
			sourceTree = "<group>";
		};
/* End PBXGroup section */

/* Begin PBXNativeTarget section */
		D72E0A4D2A979AF3004FC9B2 /* VodaTest */ = {
			isa = PBXNativeTarget;
			buildConfigurationList = D72E0A622A979AF5004FC9B2 /* Build configuration list for PBXNativeTarget "VodaTest" */;
			buildPhases = (
				D72E0A4A2A979AF3004FC9B2 /* Sources */,
				D72E0A4B2A979AF3004FC9B2 /* Frameworks */,
				D72E0A4C2A979AF3004FC9B2 /* Resources */,
			);
			buildRules = (
			);
			dependencies = (
			);
			name = VodaTest;
			productName = VodaTest;
			productReference = D72E0A4E2A979AF3004FC9B2 /* VodaTest.app */;
			productType = "com.apple.product-type.application";
		};
/* End PBXNativeTarget section */

/* Begin PBXProject section */
		D72E0A462A979AF3004FC9B2 /* Project object */ = {
			isa = PBXProject;
			attributes = {
				BuildIndependentTargetsInParallel = 1;
				LastSwiftUpdateCheck = 1430;
				LastUpgradeCheck = 1430;
				TargetAttributes = {
					D72E0A4D2A979AF3004FC9B2 = {
						CreatedOnToolsVersion = 14.3.1;
					};
				};
			};
			buildConfigurationList = D72E0A492A979AF3004FC9B2 /* Build configuration list for PBXProject "VodaTest" */;
			compatibilityVersion = "Xcode 14.0";
			developmentRegion = en;
			hasScannedForEncodings = 0;
			knownRegions = (
				en,
				Base,
			);
			mainGroup = D72E0A452A979AF3004FC9B2;
			productRefGroup = D72E0A4F2A979AF3004FC9B2 /* Products */;
			projectDirPath = "";
			projectRoot = "";
			targets = (
				D72E0A4D2A979AF3004FC9B2 /* VodaTest */,
			);
		};
/* End PBXProject section */

/* Begin PBXResourcesBuildPhase section */
		D72E0A4C2A979AF3004FC9B2 /* Resources */ = {
			isa = PBXResourcesBuildPhase;
			buildActionMask = 2147483647;
			files = (
				D72E0A5E2A979AF5004FC9B2 /* LaunchScreen.storyboard in Resources */,
				D72E0A5B2A979AF5004FC9B2 /* Assets.xcassets in Resources */,
				D72E0A592A979AF3004FC9B2 /* Main.storyboard in Resources */,
			);
			runOnlyForDeploymentPostprocessing = 0;
		};
/* End PBXResourcesBuildPhase section */

/* Begin PBXSourcesBuildPhase section */
		D72E0A4A2A979AF3004FC9B2 /* Sources */ = {
			isa = PBXSourcesBuildPhase;
			buildActionMask = 2147483647;
			files = (
				D72E0A732A97B0DF004FC9B2 /* OfferCell.swift in Sources */,
				D72E0A562A979AF3004FC9B2 /* OffersViewController.swift in Sources */,
				D79D2EF22A98E0CD0023DC3D /* OfferModel.swift in Sources */,
				D79D2EF72A98E4DC0023DC3D /* OffersViewModel.swift in Sources */,
				D7F290222A9E5F2500FB894C /* OfferDetailViewModel.swift in Sources */,
				D72E0A522A979AF3004FC9B2 /* AppDelegate.swift in Sources */,
				D72E0A542A979AF3004FC9B2 /* SceneDelegate.swift in Sources */,
				D7F290202A9E237600FB894C /* OfferDetailViewController.swift in Sources */,
				D79D2EF42A98E39E0023DC3D /* OfferDetailModel.swift in Sources */,
			);
			runOnlyForDeploymentPostprocessing = 0;
		};
/* End PBXSourcesBuildPhase section */

/* Begin PBXVariantGroup section */
		D72E0A572A979AF3004FC9B2 /* Main.storyboard */ = {
			isa = PBXVariantGroup;
			children = (
				D72E0A582A979AF3004FC9B2 /* Base */,
			);
			name = Main.storyboard;
			sourceTree = "<group>";
		};
		D72E0A5C2A979AF5004FC9B2 /* LaunchScreen.storyboard */ = {
			isa = PBXVariantGroup;
			children = (
				D72E0A5D2A979AF5004FC9B2 /* Base */,
			);
			name = LaunchScreen.storyboard;
			sourceTree = "<group>";
		};
/* End PBXVariantGroup section */

/* Begin XCBuildConfiguration section */
		D72E0A602A979AF5004FC9B2 /* Debug */ = {
			isa = XCBuildConfiguration;
			buildSettings = {
				ALWAYS_SEARCH_USER_PATHS = NO;
				CLANG_ANALYZER_NONNULL = YES;
				CLANG_ANALYZER_NUMBER_OBJECT_CONVERSION = YES_AGGRESSIVE;
				CLANG_CXX_LANGUAGE_STANDARD = "gnu++20";
				CLANG_ENABLE_MODULES = YES;
				CLANG_ENABLE_OBJC_ARC = YES;
				CLANG_ENABLE_OBJC_WEAK = YES;
				CLANG_WARN_BLOCK_CAPTURE_AUTORELEASING = YES;
				CLANG_WARN_BOOL_CONVERSION = YES;
				CLANG_WARN_COMMA = YES;
				CLANG_WARN_CONSTANT_CONVERSION = YES;
				CLANG_WARN_DEPRECATED_OBJC_IMPLEMENTATIONS = YES;
				CLANG_WARN_DIRECT_OBJC_ISA_USAGE = YES_ERROR;
				CLANG_WARN_DOCUMENTATION_COMMENTS = YES;
				CLANG_WARN_EMPTY_BODY = YES;
				CLANG_WARN_ENUM_CONVERSION = YES;
				CLANG_WARN_INFINITE_RECURSION = YES;
				CLANG_WARN_INT_CONVERSION = YES;
				CLANG_WARN_NON_LITERAL_NULL_CONVERSION = YES;
				CLANG_WARN_OBJC_IMPLICIT_RETAIN_SELF = YES;
				CLANG_WARN_OBJC_LITERAL_CONVERSION = YES;
				CLANG_WARN_OBJC_ROOT_CLASS = YES_ERROR;
				CLANG_WARN_QUOTED_INCLUDE_IN_FRAMEWORK_HEADER = YES;
				CLANG_WARN_RANGE_LOOP_ANALYSIS = YES;
				CLANG_WARN_STRICT_PROTOTYPES = YES;
				CLANG_WARN_SUSPICIOUS_MOVE = YES;
				CLANG_WARN_UNGUARDED_AVAILABILITY = YES_AGGRESSIVE;
				CLANG_WARN_UNREACHABLE_CODE = YES;
				CLANG_WARN__DUPLICATE_METHOD_MATCH = YES;
				COPY_PHASE_STRIP = NO;
				DEBUG_INFORMATION_FORMAT = dwarf;
				ENABLE_STRICT_OBJC_MSGSEND = YES;
				ENABLE_TESTABILITY = YES;
				GCC_C_LANGUAGE_STANDARD = gnu11;
				GCC_DYNAMIC_NO_PIC = NO;
				GCC_NO_COMMON_BLOCKS = YES;
				GCC_OPTIMIZATION_LEVEL = 0;
				GCC_PREPROCESSOR_DEFINITIONS = (
					"DEBUG=1",
					"$(inherited)",
				);
				GCC_WARN_64_TO_32_BIT_CONVERSION = YES;
				GCC_WARN_ABOUT_RETURN_TYPE = YES_ERROR;
				GCC_WARN_UNDECLARED_SELECTOR = YES;
				GCC_WARN_UNINITIALIZED_AUTOS = YES_AGGRESSIVE;
				GCC_WARN_UNUSED_FUNCTION = YES;
				GCC_WARN_UNUSED_VARIABLE = YES;
				IPHONEOS_DEPLOYMENT_TARGET = 12.0;
				MTL_ENABLE_DEBUG_INFO = INCLUDE_SOURCE;
				MTL_FAST_MATH = YES;
				ONLY_ACTIVE_ARCH = YES;
				SDKROOT = iphoneos;
				SWIFT_ACTIVE_COMPILATION_CONDITIONS = DEBUG;
				SWIFT_OPTIMIZATION_LEVEL = "-Onone";
			};
			name = Debug;
		};
		D72E0A612A979AF5004FC9B2 /* Release */ = {
			isa = XCBuildConfiguration;
			buildSettings = {
				ALWAYS_SEARCH_USER_PATHS = NO;
				CLANG_ANALYZER_NONNULL = YES;
				CLANG_ANALYZER_NUMBER_OBJECT_CONVERSION = YES_AGGRESSIVE;
				CLANG_CXX_LANGUAGE_STANDARD = "gnu++20";
				CLANG_ENABLE_MODULES = YES;
				CLANG_ENABLE_OBJC_ARC = YES;
				CLANG_ENABLE_OBJC_WEAK = YES;
				CLANG_WARN_BLOCK_CAPTURE_AUTORELEASING = YES;
				CLANG_WARN_BOOL_CONVERSION = YES;
				CLANG_WARN_COMMA = YES;
				CLANG_WARN_CONSTANT_CONVERSION = YES;
				CLANG_WARN_DEPRECATED_OBJC_IMPLEMENTATIONS = YES;
				CLANG_WARN_DIRECT_OBJC_ISA_USAGE = YES_ERROR;
				CLANG_WARN_DOCUMENTATION_COMMENTS = YES;
				CLANG_WARN_EMPTY_BODY = YES;
				CLANG_WARN_ENUM_CONVERSION = YES;
				CLANG_WARN_INFINITE_RECURSION = YES;
				CLANG_WARN_INT_CONVERSION = YES;
				CLANG_WARN_NON_LITERAL_NULL_CONVERSION = YES;
				CLANG_WARN_OBJC_IMPLICIT_RETAIN_SELF = YES;
				CLANG_WARN_OBJC_LITERAL_CONVERSION = YES;
				CLANG_WARN_OBJC_ROOT_CLASS = YES_ERROR;
				CLANG_WARN_QUOTED_INCLUDE_IN_FRAMEWORK_HEADER = YES;
				CLANG_WARN_RANGE_LOOP_ANALYSIS = YES;
				CLANG_WARN_STRICT_PROTOTYPES = YES;
				CLANG_WARN_SUSPICIOUS_MOVE = YES;
				CLANG_WARN_UNGUARDED_AVAILABILITY = YES_AGGRESSIVE;
				CLANG_WARN_UNREACHABLE_CODE = YES;
				CLANG_WARN__DUPLICATE_METHOD_MATCH = YES;
				COPY_PHASE_STRIP = NO;
				DEBUG_INFORMATION_FORMAT = "dwarf-with-dsym";
				ENABLE_NS_ASSERTIONS = NO;
				ENABLE_STRICT_OBJC_MSGSEND = YES;
				GCC_C_LANGUAGE_STANDARD = gnu11;
				GCC_NO_COMMON_BLOCKS = YES;
				GCC_WARN_64_TO_32_BIT_CONVERSION = YES;
				GCC_WARN_ABOUT_RETURN_TYPE = YES_ERROR;
				GCC_WARN_UNDECLARED_SELECTOR = YES;
				GCC_WARN_UNINITIALIZED_AUTOS = YES_AGGRESSIVE;
				GCC_WARN_UNUSED_FUNCTION = YES;
				GCC_WARN_UNUSED_VARIABLE = YES;
				IPHONEOS_DEPLOYMENT_TARGET = 12.0;
				MTL_ENABLE_DEBUG_INFO = NO;
				MTL_FAST_MATH = YES;
				SDKROOT = iphoneos;
				SWIFT_COMPILATION_MODE = wholemodule;
				SWIFT_OPTIMIZATION_LEVEL = "-O";
				VALIDATE_PRODUCT = YES;
			};
			name = Release;
		};
		D72E0A632A979AF5004FC9B2 /* Debug */ = {
			isa = XCBuildConfiguration;
			buildSettings = {
				ASSETCATALOG_COMPILER_APPICON_NAME = AppIcon;
				ASSETCATALOG_COMPILER_GLOBAL_ACCENT_COLOR_NAME = AccentColor;
				CODE_SIGN_STYLE = Automatic;
				CURRENT_PROJECT_VERSION = 1;
				GENERATE_INFOPLIST_FILE = YES;
				INFOPLIST_FILE = VodaTest/Info.plist;
				INFOPLIST_KEY_UIApplicationSupportsIndirectInputEvents = YES;
				INFOPLIST_KEY_UILaunchStoryboardName = LaunchScreen;
				INFOPLIST_KEY_UIMainStoryboardFile = Main;
				INFOPLIST_KEY_UISupportedInterfaceOrientations_iPad = "UIInterfaceOrientationPortrait UIInterfaceOrientationPortraitUpsideDown UIInterfaceOrientationLandscapeLeft UIInterfaceOrientationLandscapeRight";
				INFOPLIST_KEY_UISupportedInterfaceOrientations_iPhone = "UIInterfaceOrientationPortrait UIInterfaceOrientationLandscapeLeft UIInterfaceOrientationLandscapeRight";
				IPHONEOS_DEPLOYMENT_TARGET = 12.0;
				LD_RUNPATH_SEARCH_PATHS = (
					"$(inherited)",
					"@executable_path/Frameworks",
				);
				MARKETING_VERSION = 1.0;
				PRODUCT_BUNDLE_IDENTIFIER = com.florian.VodaTest;
				PRODUCT_NAME = "$(TARGET_NAME)";
				SUPPORTED_PLATFORMS = "iphoneos iphonesimulator";
				SUPPORTS_MACCATALYST = NO;
				SUPPORTS_MAC_DESIGNED_FOR_IPHONE_IPAD = NO;
				SWIFT_EMIT_LOC_STRINGS = YES;
				SWIFT_VERSION = 5.0;
				TARGETED_DEVICE_FAMILY = 1;
			};
			name = Debug;
		};
		D72E0A642A979AF5004FC9B2 /* Release */ = {
			isa = XCBuildConfiguration;
			buildSettings = {
				ASSETCATALOG_COMPILER_APPICON_NAME = AppIcon;
				ASSETCATALOG_COMPILER_GLOBAL_ACCENT_COLOR_NAME = AccentColor;
				CODE_SIGN_STYLE = Automatic;
				CURRENT_PROJECT_VERSION = 1;
				GENERATE_INFOPLIST_FILE = YES;
				INFOPLIST_FILE = VodaTest/Info.plist;
				INFOPLIST_KEY_UIApplicationSupportsIndirectInputEvents = YES;
				INFOPLIST_KEY_UILaunchStoryboardName = LaunchScreen;
				INFOPLIST_KEY_UIMainStoryboardFile = Main;
				INFOPLIST_KEY_UISupportedInterfaceOrientations_iPad = "UIInterfaceOrientationPortrait UIInterfaceOrientationPortraitUpsideDown UIInterfaceOrientationLandscapeLeft UIInterfaceOrientationLandscapeRight";
				INFOPLIST_KEY_UISupportedInterfaceOrientations_iPhone = "UIInterfaceOrientationPortrait UIInterfaceOrientationLandscapeLeft UIInterfaceOrientationLandscapeRight";
				IPHONEOS_DEPLOYMENT_TARGET = 12.0;
				LD_RUNPATH_SEARCH_PATHS = (
					"$(inherited)",
					"@executable_path/Frameworks",
				);
				MARKETING_VERSION = 1.0;
				PRODUCT_BUNDLE_IDENTIFIER = com.florian.VodaTest;
				PRODUCT_NAME = "$(TARGET_NAME)";
				SUPPORTED_PLATFORMS = "iphoneos iphonesimulator";
				SUPPORTS_MACCATALYST = NO;
				SUPPORTS_MAC_DESIGNED_FOR_IPHONE_IPAD = NO;
				SWIFT_EMIT_LOC_STRINGS = YES;
				SWIFT_VERSION = 5.0;
				TARGETED_DEVICE_FAMILY = 1;
			};
			name = Release;
		};
/* End XCBuildConfiguration section */

/* Begin XCConfigurationList section */
		D72E0A492A979AF3004FC9B2 /* Build configuration list for PBXProject "VodaTest" */ = {
			isa = XCConfigurationList;
			buildConfigurations = (
				D72E0A602A979AF5004FC9B2 /* Debug */,
				D72E0A612A979AF5004FC9B2 /* Release */,
			);
			defaultConfigurationIsVisible = 0;
			defaultConfigurationName = Release;
		};
		D72E0A622A979AF5004FC9B2 /* Build configuration list for PBXNativeTarget "VodaTest" */ = {
			isa = XCConfigurationList;
			buildConfigurations = (
				D72E0A632A979AF5004FC9B2 /* Debug */,
				D72E0A642A979AF5004FC9B2 /* Release */,
			);
			defaultConfigurationIsVisible = 0;
			defaultConfigurationName = Release;
		};
/* End XCConfigurationList section */
	};
	rootObject = D72E0A462A979AF3004FC9B2 /* Project object */;
}
