// !$*UTF8*$!
{
	archiveVersion = 1;
	classes = {
	};
	objectVersion = 56;
	objects = {

/* Begin PBXBuildFile section */
		2AC0893C2662624D2906FA1F /* Pods_VodaTest.framework in Frameworks */ = {isa = PBXBuildFile; fileRef = 6ACBBFB9168FA7F364D8A06A /* Pods_VodaTest.framework */; };
		D710EDD22ACDB7F100E003EB /* OfferInteractor.swift in Sources */ = {isa = PBXBuildFile; fileRef = D710EDD12ACDB7F100E003EB /* OfferInteractor.swift */; };
		D72E0A522A979AF3004FC9B2 /* AppDelegate.swift in Sources */ = {isa = PBXBuildFile; fileRef = D72E0A512A979AF3004FC9B2 /* AppDelegate.swift */; };
		D72E0A542A979AF3004FC9B2 /* SceneDelegate.swift in Sources */ = {isa = PBXBuildFile; fileRef = D72E0A532A979AF3004FC9B2 /* SceneDelegate.swift */; };
		D72E0A562A979AF3004FC9B2 /* OffersViewController.swift in Sources */ = {isa = PBXBuildFile; fileRef = D72E0A552A979AF3004FC9B2 /* OffersViewController.swift */; };
		D72E0A592A979AF3004FC9B2 /* Main.storyboard in Resources */ = {isa = PBXBuildFile; fileRef = D72E0A572A979AF3004FC9B2 /* Main.storyboard */; };
		D72E0A5B2A979AF5004FC9B2 /* Assets.xcassets in Resources */ = {isa = PBXBuildFile; fileRef = D72E0A5A2A979AF5004FC9B2 /* Assets.xcassets */; };
		D72E0A5E2A979AF5004FC9B2 /* LaunchScreen.storyboard in Resources */ = {isa = PBXBuildFile; fileRef = D72E0A5C2A979AF5004FC9B2 /* LaunchScreen.storyboard */; };
		D72E0A732A97B0DF004FC9B2 /* OfferCell.swift in Sources */ = {isa = PBXBuildFile; fileRef = D72E0A712A97B0DF004FC9B2 /* OfferCell.swift */; };
		D73EE3BB2AA614E3004B30B1 /* VodaOfferListTests.swift in Sources */ = {isa = PBXBuildFile; fileRef = D73EE3BA2AA614E3004B30B1 /* VodaOfferListTests.swift */; };
		D7635C7A2AC1BB06004C9D0F /* NetworkManager.swift in Sources */ = {isa = PBXBuildFile; fileRef = D7635C792AC1BB06004C9D0F /* NetworkManager.swift */; };
		D7635C7C2AC1C4D2004C9D0F /* CommonAssembly.swift in Sources */ = {isa = PBXBuildFile; fileRef = D7635C7B2AC1C4D2004C9D0F /* CommonAssembly.swift */; };
		D7974ABC2AA09B1F0033C61E /* OfferAPI.swift in Sources */ = {isa = PBXBuildFile; fileRef = D7974ABB2AA09B1F0033C61E /* OfferAPI.swift */; };
		D79D2EF22A98E0CD0023DC3D /* OfferModel.swift in Sources */ = {isa = PBXBuildFile; fileRef = D79D2EF12A98E0CD0023DC3D /* OfferModel.swift */; };
		D79D2EF42A98E39E0023DC3D /* OfferDetailModel.swift in Sources */ = {isa = PBXBuildFile; fileRef = D79D2EF32A98E39E0023DC3D /* OfferDetailModel.swift */; };
		D79D2EF72A98E4DC0023DC3D /* OffersViewModel.swift in Sources */ = {isa = PBXBuildFile; fileRef = D79D2EF62A98E4DC0023DC3D /* OffersViewModel.swift */; };
		D7A4C0002AA7713D005C0642 /* VodaOfferDetailTests.swift in Sources */ = {isa = PBXBuildFile; fileRef = D7A4BFFF2AA7713D005C0642 /* VodaOfferDetailTests.swift */; };
		D7D324CB2ABC5F0E008BB3E9 /* OfferAssembly.swift in Sources */ = {isa = PBXBuildFile; fileRef = D7D324CA2ABC5F0E008BB3E9 /* OfferAssembly.swift */; };
		D7D324CD2ABC64D8008BB3E9 /* OfferDetailAssembly.swift in Sources */ = {isa = PBXBuildFile; fileRef = D7D324CC2ABC64D8008BB3E9 /* OfferDetailAssembly.swift */; };
		D7D324CF2ABC84C9008BB3E9 /* OfferTypeModel.swift in Sources */ = {isa = PBXBuildFile; fileRef = D7D324CE2ABC84C9008BB3E9 /* OfferTypeModel.swift */; };
		D7F290202A9E237600FB894C /* OfferDetailViewController.swift in Sources */ = {isa = PBXBuildFile; fileRef = D7F2901F2A9E237600FB894C /* OfferDetailViewController.swift */; };
		D7F290222A9E5F2500FB894C /* OfferDetailViewModel.swift in Sources */ = {isa = PBXBuildFile; fileRef = D7F290212A9E5F2500FB894C /* OfferDetailViewModel.swift */; };
		DC777F4D2F6422CCE6A13ED9 /* Pods_VodaTestTests.framework in Frameworks */ = {isa = PBXBuildFile; fileRef = ADA0C1339EAEFC62E6EC1714 /* Pods_VodaTestTests.framework */; };
/* End PBXBuildFile section */

/* Begin PBXContainerItemProxy section */
		D73EE3BC2AA614E3004B30B1 /* PBXContainerItemProxy */ = {
			isa = PBXContainerItemProxy;
			containerPortal = D72E0A462A979AF3004FC9B2 /* Project object */;
			proxyType = 1;
			remoteGlobalIDString = D72E0A4D2A979AF3004FC9B2;
			remoteInfo = VodaTest;
		};
/* End PBXContainerItemProxy section */

/* Begin PBXFileReference section */
		10A0A52BCFB694DA083C08AB /* Pods-VodaTestTests.debug.xcconfig */ = {isa = PBXFileReference; includeInIndex = 1; lastKnownFileType = text.xcconfig; name = "Pods-VodaTestTests.debug.xcconfig"; path = "Target Support Files/Pods-VodaTestTests/Pods-VodaTestTests.debug.xcconfig"; sourceTree = "<group>"; };
		1BA94D0A683C5C181EDCAC94 /* Pods-VodaTest.release.xcconfig */ = {isa = PBXFileReference; includeInIndex = 1; lastKnownFileType = text.xcconfig; name = "Pods-VodaTest.release.xcconfig"; path = "Target Support Files/Pods-VodaTest/Pods-VodaTest.release.xcconfig"; sourceTree = "<group>"; };
		6ACBBFB9168FA7F364D8A06A /* Pods_VodaTest.framework */ = {isa = PBXFileReference; explicitFileType = wrapper.framework; includeInIndex = 0; path = Pods_VodaTest.framework; sourceTree = BUILT_PRODUCTS_DIR; };
		ADA0C1339EAEFC62E6EC1714 /* Pods_VodaTestTests.framework */ = {isa = PBXFileReference; explicitFileType = wrapper.framework; includeInIndex = 0; path = Pods_VodaTestTests.framework; sourceTree = BUILT_PRODUCTS_DIR; };
		C55D6BEB538585C08C3795DA /* Pods-VodaTestTests.release.xcconfig */ = {isa = PBXFileReference; includeInIndex = 1; lastKnownFileType = text.xcconfig; name = "Pods-VodaTestTests.release.xcconfig"; path = "Target Support Files/Pods-VodaTestTests/Pods-VodaTestTests.release.xcconfig"; sourceTree = "<group>"; };
		C82980FA914078984430F789 /* Pods-VodaTest.debug.xcconfig */ = {isa = PBXFileReference; includeInIndex = 1; lastKnownFileType = text.xcconfig; name = "Pods-VodaTest.debug.xcconfig"; path = "Target Support Files/Pods-VodaTest/Pods-VodaTest.debug.xcconfig"; sourceTree = "<group>"; };
		D710EDD12ACDB7F100E003EB /* OfferInteractor.swift */ = {isa = PBXFileReference; lastKnownFileType = sourcecode.swift; path = OfferInteractor.swift; sourceTree = "<group>"; };
		D72E0A4E2A979AF3004FC9B2 /* VodaTest.app */ = {isa = PBXFileReference; explicitFileType = wrapper.application; includeInIndex = 0; path = VodaTest.app; sourceTree = BUILT_PRODUCTS_DIR; };
		D72E0A512A979AF3004FC9B2 /* AppDelegate.swift */ = {isa = PBXFileReference; lastKnownFileType = sourcecode.swift; path = AppDelegate.swift; sourceTree = "<group>"; };
		D72E0A532A979AF3004FC9B2 /* SceneDelegate.swift */ = {isa = PBXFileReference; lastKnownFileType = sourcecode.swift; path = SceneDelegate.swift; sourceTree = "<group>"; };
		D72E0A552A979AF3004FC9B2 /* OffersViewController.swift */ = {isa = PBXFileReference; lastKnownFileType = sourcecode.swift; path = OffersViewController.swift; sourceTree = "<group>"; };
		D72E0A582A979AF3004FC9B2 /* Base */ = {isa = PBXFileReference; lastKnownFileType = file.storyboard; name = Base; path = Base.lproj/Main.storyboard; sourceTree = "<group>"; };
		D72E0A5A2A979AF5004FC9B2 /* Assets.xcassets */ = {isa = PBXFileReference; lastKnownFileType = folder.assetcatalog; path = Assets.xcassets; sourceTree = "<group>"; };
		D72E0A5D2A979AF5004FC9B2 /* Base */ = {isa = PBXFileReference; lastKnownFileType = file.storyboard; name = Base; path = Base.lproj/LaunchScreen.storyboard; sourceTree = "<group>"; };
		D72E0A5F2A979AF5004FC9B2 /* Info.plist */ = {isa = PBXFileReference; lastKnownFileType = text.plist.xml; path = Info.plist; sourceTree = "<group>"; };
		D72E0A712A97B0DF004FC9B2 /* OfferCell.swift */ = {isa = PBXFileReference; lastKnownFileType = sourcecode.swift; path = OfferCell.swift; sourceTree = "<group>"; };
		D73EE3B82AA614E3004B30B1 /* VodaTestTests.xctest */ = {isa = PBXFileReference; explicitFileType = wrapper.cfbundle; includeInIndex = 0; path = VodaTestTests.xctest; sourceTree = BUILT_PRODUCTS_DIR; };
		D73EE3BA2AA614E3004B30B1 /* VodaOfferListTests.swift */ = {isa = PBXFileReference; lastKnownFileType = sourcecode.swift; path = VodaOfferListTests.swift; sourceTree = "<group>"; };
		D7635C792AC1BB06004C9D0F /* NetworkManager.swift */ = {isa = PBXFileReference; lastKnownFileType = sourcecode.swift; path = NetworkManager.swift; sourceTree = "<group>"; };
		D7635C7B2AC1C4D2004C9D0F /* CommonAssembly.swift */ = {isa = PBXFileReference; lastKnownFileType = sourcecode.swift; path = CommonAssembly.swift; sourceTree = "<group>"; };
		D7974ABB2AA09B1F0033C61E /* OfferAPI.swift */ = {isa = PBXFileReference; lastKnownFileType = sourcecode.swift; path = OfferAPI.swift; sourceTree = "<group>"; };
		D79D2EF12A98E0CD0023DC3D /* OfferModel.swift */ = {isa = PBXFileReference; lastKnownFileType = sourcecode.swift; path = OfferModel.swift; sourceTree = "<group>"; };
		D79D2EF32A98E39E0023DC3D /* OfferDetailModel.swift */ = {isa = PBXFileReference; lastKnownFileType = sourcecode.swift; path = OfferDetailModel.swift; sourceTree = "<group>"; };
		D79D2EF62A98E4DC0023DC3D /* OffersViewModel.swift */ = {isa = PBXFileReference; lastKnownFileType = sourcecode.swift; path = OffersViewModel.swift; sourceTree = "<group>"; };
		D7A4BFFF2AA7713D005C0642 /* VodaOfferDetailTests.swift */ = {isa = PBXFileReference; lastKnownFileType = sourcecode.swift; path = VodaOfferDetailTests.swift; sourceTree = "<group>"; };
		D7D324CA2ABC5F0E008BB3E9 /* OfferAssembly.swift */ = {isa = PBXFileReference; lastKnownFileType = sourcecode.swift; path = OfferAssembly.swift; sourceTree = "<group>"; };
		D7D324CC2ABC64D8008BB3E9 /* OfferDetailAssembly.swift */ = {isa = PBXFileReference; lastKnownFileType = sourcecode.swift; path = OfferDetailAssembly.swift; sourceTree = "<group>"; };
		D7D324CE2ABC84C9008BB3E9 /* OfferTypeModel.swift */ = {isa = PBXFileReference; lastKnownFileType = sourcecode.swift; path = OfferTypeModel.swift; sourceTree = "<group>"; };
		D7F2901F2A9E237600FB894C /* OfferDetailViewController.swift */ = {isa = PBXFileReference; lastKnownFileType = sourcecode.swift; path = OfferDetailViewController.swift; sourceTree = "<group>"; };
		D7F290212A9E5F2500FB894C /* OfferDetailViewModel.swift */ = {isa = PBXFileReference; lastKnownFileType = sourcecode.swift; path = OfferDetailViewModel.swift; sourceTree = "<group>"; };
/* End PBXFileReference section */

/* Begin PBXFrameworksBuildPhase section */
		D72E0A4B2A979AF3004FC9B2 /* Frameworks */ = {
			isa = PBXFrameworksBuildPhase;
			buildActionMask = 2147483647;
			files = (
				2AC0893C2662624D2906FA1F /* Pods_VodaTest.framework in Frameworks */,
			);
			runOnlyForDeploymentPostprocessing = 0;
		};
		D73EE3B52AA614E3004B30B1 /* Frameworks */ = {
			isa = PBXFrameworksBuildPhase;
			buildActionMask = 2147483647;
			files = (
				DC777F4D2F6422CCE6A13ED9 /* Pods_VodaTestTests.framework in Frameworks */,
			);
			runOnlyForDeploymentPostprocessing = 0;
		};
/* End PBXFrameworksBuildPhase section */

/* Begin PBXGroup section */
		82C1A906A2622BAF7C977472 /* Pods */ = {
			isa = PBXGroup;
			children = (
				C82980FA914078984430F789 /* Pods-VodaTest.debug.xcconfig */,
				1BA94D0A683C5C181EDCAC94 /* Pods-VodaTest.release.xcconfig */,
				10A0A52BCFB694DA083C08AB /* Pods-VodaTestTests.debug.xcconfig */,
				C55D6BEB538585C08C3795DA /* Pods-VodaTestTests.release.xcconfig */,
			);
			path = Pods;
			sourceTree = "<group>";
		};
		AE9F5C7EBD09111BB68D7823 /* Frameworks */ = {
			isa = PBXGroup;
			children = (
				6ACBBFB9168FA7F364D8A06A /* Pods_VodaTest.framework */,
				ADA0C1339EAEFC62E6EC1714 /* Pods_VodaTestTests.framework */,
			);
			name = Frameworks;
			sourceTree = "<group>";
		};
		D710EDD02ACDADDB00E003EB /* Interactors */ = {
			isa = PBXGroup;
			children = (
				D710EDD12ACDB7F100E003EB /* OfferInteractor.swift */,
			);
			path = Interactors;
			sourceTree = "<group>";
		};
		D72E0A452A979AF3004FC9B2 = {
			isa = PBXGroup;
			children = (
				D72E0A502A979AF3004FC9B2 /* VodaTest */,
				D73EE3B92AA614E3004B30B1 /* VodaTestTests */,
				D72E0A4F2A979AF3004FC9B2 /* Products */,
				82C1A906A2622BAF7C977472 /* Pods */,
				AE9F5C7EBD09111BB68D7823 /* Frameworks */,
			);
			sourceTree = "<group>";
		};
		D72E0A4F2A979AF3004FC9B2 /* Products */ = {
			isa = PBXGroup;
			children = (
				D72E0A4E2A979AF3004FC9B2 /* VodaTest.app */,
				D73EE3B82AA614E3004B30B1 /* VodaTestTests.xctest */,
			);
			name = Products;
			sourceTree = "<group>";
		};
		D72E0A502A979AF3004FC9B2 /* VodaTest */ = {
			isa = PBXGroup;
			children = (
				D7D324C92ABC5E0D008BB3E9 /* Assembly */,
				D7974ABA2AA09ADB0033C61E /* Network */,
				D710EDD02ACDADDB00E003EB /* Interactors */,
				D72E0A652A97A945004FC9B2 /* Models */,
				D79D2EF52A98E4B00023DC3D /* View */,
				D72E0A682A97AD68004FC9B2 /* UseCase */,
				D72E0A512A979AF3004FC9B2 /* AppDelegate.swift */,
				D72E0A532A979AF3004FC9B2 /* SceneDelegate.swift */,
				D72E0A572A979AF3004FC9B2 /* Main.storyboard */,
				D72E0A5A2A979AF5004FC9B2 /* Assets.xcassets */,
				D72E0A5C2A979AF5004FC9B2 /* LaunchScreen.storyboard */,
				D72E0A5F2A979AF5004FC9B2 /* Info.plist */,
			);
			path = VodaTest;
			sourceTree = "<group>";
		};
		D72E0A652A97A945004FC9B2 /* Models */ = {
			isa = PBXGroup;
			children = (
				D79D2EF12A98E0CD0023DC3D /* OfferModel.swift */,
				D7D324CE2ABC84C9008BB3E9 /* OfferTypeModel.swift */,
				D79D2EF32A98E39E0023DC3D /* OfferDetailModel.swift */,
			);
			path = Models;
			sourceTree = "<group>";
		};
		D72E0A682A97AD68004FC9B2 /* UseCase */ = {
			isa = PBXGroup;
			children = (
				D72E0A692A97AD8C004FC9B2 /* Offers */,
				D79D2EFA2A98E8510023DC3D /* OfferDetail */,
			);
			path = UseCase;
			sourceTree = "<group>";
		};
		D72E0A692A97AD8C004FC9B2 /* Offers */ = {
			isa = PBXGroup;
			children = (
				D79D2EF62A98E4DC0023DC3D /* OffersViewModel.swift */,
				D72E0A552A979AF3004FC9B2 /* OffersViewController.swift */,
			);
			path = Offers;
			sourceTree = "<group>";
		};
		D72E0A6A2A97AF3B004FC9B2 /* OfferCell */ = {
			isa = PBXGroup;
			children = (
				D72E0A712A97B0DF004FC9B2 /* OfferCell.swift */,
			);
			path = OfferCell;
			sourceTree = "<group>";
		};
		D73EE3B92AA614E3004B30B1 /* VodaTestTests */ = {
			isa = PBXGroup;
			children = (
				D73EE3BA2AA614E3004B30B1 /* VodaOfferListTests.swift */,
				D7A4BFFF2AA7713D005C0642 /* VodaOfferDetailTests.swift */,
			);
			path = VodaTestTests;
			sourceTree = "<group>";
		};
		D7635C7D2AC30A2E004C9D0F /* API */ = {
			isa = PBXGroup;
			children = (
				D7974ABB2AA09B1F0033C61E /* OfferAPI.swift */,
			);
			path = API;
			sourceTree = "<group>";
		};
		D7974ABA2AA09ADB0033C61E /* Network */ = {
			isa = PBXGroup;
			children = (
				D7635C7D2AC30A2E004C9D0F /* API */,
				D7635C792AC1BB06004C9D0F /* NetworkManager.swift */,
			);
			path = Network;
			sourceTree = "<group>";
		};
		D79D2EF52A98E4B00023DC3D /* View */ = {
			isa = PBXGroup;
			children = (
				D72E0A6A2A97AF3B004FC9B2 /* OfferCell */,
			);
			path = View;
			sourceTree = "<group>";
		};
		D79D2EFA2A98E8510023DC3D /* OfferDetail */ = {
			isa = PBXGroup;
			children = (
				D7F290212A9E5F2500FB894C /* OfferDetailViewModel.swift */,
				D7F2901F2A9E237600FB894C /* OfferDetailViewController.swift */,
			);
			path = OfferDetail;
			sourceTree = "<group>";
		};
		D7D324C92ABC5E0D008BB3E9 /* Assembly */ = {
			isa = PBXGroup;
			children = (
				D7D324CA2ABC5F0E008BB3E9 /* OfferAssembly.swift */,
				D7D324CC2ABC64D8008BB3E9 /* OfferDetailAssembly.swift */,
				D7635C7B2AC1C4D2004C9D0F /* CommonAssembly.swift */,
			);
			path = Assembly;
			sourceTree = "<group>";
		};
/* End PBXGroup section */

/* Begin PBXNativeTarget section */
		D72E0A4D2A979AF3004FC9B2 /* VodaTest */ = {
			isa = PBXNativeTarget;
			buildConfigurationList = D72E0A622A979AF5004FC9B2 /* Build configuration list for PBXNativeTarget "VodaTest" */;
			buildPhases = (
				734395CB9E302F201CFAACCC /* [CP] Check Pods Manifest.lock */,
				D72E0A4A2A979AF3004FC9B2 /* Sources */,
				D72E0A4B2A979AF3004FC9B2 /* Frameworks */,
				D72E0A4C2A979AF3004FC9B2 /* Resources */,
				F9CD56492E55641F8A719C13 /* [CP] Embed Pods Frameworks */,
			);
			buildRules = (
			);
			dependencies = (
			);
			name = VodaTest;
			productName = VodaTest;
			productReference = D72E0A4E2A979AF3004FC9B2 /* VodaTest.app */;
			productType = "com.apple.product-type.application";
		};
		D73EE3B72AA614E3004B30B1 /* VodaTestTests */ = {
			isa = PBXNativeTarget;
			buildConfigurationList = D73EE3BE2AA614E3004B30B1 /* Build configuration list for PBXNativeTarget "VodaTestTests" */;
			buildPhases = (
				4E340AA1942800022529739C /* [CP] Check Pods Manifest.lock */,
				D73EE3B42AA614E3004B30B1 /* Sources */,
				D73EE3B52AA614E3004B30B1 /* Frameworks */,
				D73EE3B62AA614E3004B30B1 /* Resources */,
				0AA05DC5F4D2F1808C76A2EC /* [CP] Embed Pods Frameworks */,
			);
			buildRules = (
			);
			dependencies = (
				D73EE3BD2AA614E3004B30B1 /* PBXTargetDependency */,
			);
			name = VodaTestTests;
			productName = VodaTestTests;
			productReference = D73EE3B82AA614E3004B30B1 /* VodaTestTests.xctest */;
			productType = "com.apple.product-type.bundle.unit-test";
		};
/* End PBXNativeTarget section */

/* Begin PBXProject section */
		D72E0A462A979AF3004FC9B2 /* Project object */ = {
			isa = PBXProject;
			attributes = {
				BuildIndependentTargetsInParallel = 1;
				LastSwiftUpdateCheck = 1430;
				LastUpgradeCheck = 1430;
				TargetAttributes = {
					D72E0A4D2A979AF3004FC9B2 = {
						CreatedOnToolsVersion = 14.3.1;
					};
					D73EE3B72AA614E3004B30B1 = {
						CreatedOnToolsVersion = 14.3.1;
						TestTargetID = D72E0A4D2A979AF3004FC9B2;
					};
				};
			};
			buildConfigurationList = D72E0A492A979AF3004FC9B2 /* Build configuration list for PBXProject "VodaTest" */;
			compatibilityVersion = "Xcode 14.0";
			developmentRegion = en;
			hasScannedForEncodings = 0;
			knownRegions = (
				en,
				Base,
			);
			mainGroup = D72E0A452A979AF3004FC9B2;
			productRefGroup = D72E0A4F2A979AF3004FC9B2 /* Products */;
			projectDirPath = "";
			projectRoot = "";
			targets = (
				D72E0A4D2A979AF3004FC9B2 /* VodaTest */,
				D73EE3B72AA614E3004B30B1 /* VodaTestTests */,
			);
		};
/* End PBXProject section */

/* Begin PBXResourcesBuildPhase section */
		D72E0A4C2A979AF3004FC9B2 /* Resources */ = {
			isa = PBXResourcesBuildPhase;
			buildActionMask = 2147483647;
			files = (
				D72E0A5E2A979AF5004FC9B2 /* LaunchScreen.storyboard in Resources */,
				D72E0A5B2A979AF5004FC9B2 /* Assets.xcassets in Resources */,
				D72E0A592A979AF3004FC9B2 /* Main.storyboard in Resources */,
			);
			runOnlyForDeploymentPostprocessing = 0;
		};
		D73EE3B62AA614E3004B30B1 /* Resources */ = {
			isa = PBXResourcesBuildPhase;
			buildActionMask = 2147483647;
			files = (
			);
			runOnlyForDeploymentPostprocessing = 0;
		};
/* End PBXResourcesBuildPhase section */

/* Begin PBXShellScriptBuildPhase section */
		0AA05DC5F4D2F1808C76A2EC /* [CP] Embed Pods Frameworks */ = {
			isa = PBXShellScriptBuildPhase;
			buildActionMask = 2147483647;
			files = (
			);
			inputFileListPaths = (
				"${PODS_ROOT}/Target Support Files/Pods-VodaTestTests/Pods-VodaTestTests-frameworks-${CONFIGURATION}-input-files.xcfilelist",
			);
			name = "[CP] Embed Pods Frameworks";
			outputFileListPaths = (
				"${PODS_ROOT}/Target Support Files/Pods-VodaTestTests/Pods-VodaTestTests-frameworks-${CONFIGURATION}-output-files.xcfilelist",
			);
			runOnlyForDeploymentPostprocessing = 0;
			shellPath = /bin/sh;
			shellScript = "\"${PODS_ROOT}/Target Support Files/Pods-VodaTestTests/Pods-VodaTestTests-frameworks.sh\"\n";
			showEnvVarsInLog = 0;
		};
		4E340AA1942800022529739C /* [CP] Check Pods Manifest.lock */ = {
			isa = PBXShellScriptBuildPhase;
			buildActionMask = 2147483647;
			files = (
			);
			inputFileListPaths = (
			);
			inputPaths = (
				"${PODS_PODFILE_DIR_PATH}/Podfile.lock",
				"${PODS_ROOT}/Manifest.lock",
			);
			name = "[CP] Check Pods Manifest.lock";
			outputFileListPaths = (
			);
			outputPaths = (
				"$(DERIVED_FILE_DIR)/Pods-VodaTestTests-checkManifestLockResult.txt",
			);
			runOnlyForDeploymentPostprocessing = 0;
			shellPath = /bin/sh;
			shellScript = "diff \"${PODS_PODFILE_DIR_PATH}/Podfile.lock\" \"${PODS_ROOT}/Manifest.lock\" > /dev/null\nif [ $? != 0 ] ; then\n    # print error to STDERR\n    echo \"error: The sandbox is not in sync with the Podfile.lock. Run 'pod install' or update your CocoaPods installation.\" >&2\n    exit 1\nfi\n# This output is used by Xcode 'outputs' to avoid re-running this script phase.\necho \"SUCCESS\" > \"${SCRIPT_OUTPUT_FILE_0}\"\n";
			showEnvVarsInLog = 0;
		};
		734395CB9E302F201CFAACCC /* [CP] Check Pods Manifest.lock */ = {
			isa = PBXShellScriptBuildPhase;
			buildActionMask = 2147483647;
			files = (
			);
			inputFileListPaths = (
			);
			inputPaths = (
				"${PODS_PODFILE_DIR_PATH}/Podfile.lock",
				"${PODS_ROOT}/Manifest.lock",
			);
			name = "[CP] Check Pods Manifest.lock";
			outputFileListPaths = (
			);
			outputPaths = (
				"$(DERIVED_FILE_DIR)/Pods-VodaTest-checkManifestLockResult.txt",
			);
			runOnlyForDeploymentPostprocessing = 0;
			shellPath = /bin/sh;
			shellScript = "diff \"${PODS_PODFILE_DIR_PATH}/Podfile.lock\" \"${PODS_ROOT}/Manifest.lock\" > /dev/null\nif [ $? != 0 ] ; then\n    # print error to STDERR\n    echo \"error: The sandbox is not in sync with the Podfile.lock. Run 'pod install' or update your CocoaPods installation.\" >&2\n    exit 1\nfi\n# This output is used by Xcode 'outputs' to avoid re-running this script phase.\necho \"SUCCESS\" > \"${SCRIPT_OUTPUT_FILE_0}\"\n";
			showEnvVarsInLog = 0;
		};
		F9CD56492E55641F8A719C13 /* [CP] Embed Pods Frameworks */ = {
			isa = PBXShellScriptBuildPhase;
			buildActionMask = 2147483647;
			files = (
			);
			inputFileListPaths = (
				"${PODS_ROOT}/Target Support Files/Pods-VodaTest/Pods-VodaTest-frameworks-${CONFIGURATION}-input-files.xcfilelist",
			);
			name = "[CP] Embed Pods Frameworks";
			outputFileListPaths = (
				"${PODS_ROOT}/Target Support Files/Pods-VodaTest/Pods-VodaTest-frameworks-${CONFIGURATION}-output-files.xcfilelist",
			);
			runOnlyForDeploymentPostprocessing = 0;
			shellPath = /bin/sh;
			shellScript = "\"${PODS_ROOT}/Target Support Files/Pods-VodaTest/Pods-VodaTest-frameworks.sh\"\n";
			showEnvVarsInLog = 0;
		};
/* End PBXShellScriptBuildPhase section */

/* Begin PBXSourcesBuildPhase section */
		D72E0A4A2A979AF3004FC9B2 /* Sources */ = {
			isa = PBXSourcesBuildPhase;
			buildActionMask = 2147483647;
			files = (
				D72E0A732A97B0DF004FC9B2 /* OfferCell.swift in Sources */,
				D7D324CD2ABC64D8008BB3E9 /* OfferDetailAssembly.swift in Sources */,
				D72E0A562A979AF3004FC9B2 /* OffersViewController.swift in Sources */,
				D710EDD22ACDB7F100E003EB /* OfferInteractor.swift in Sources */,
				D7974ABC2AA09B1F0033C61E /* OfferAPI.swift in Sources */,
				D79D2EF22A98E0CD0023DC3D /* OfferModel.swift in Sources */,
				D79D2EF72A98E4DC0023DC3D /* OffersViewModel.swift in Sources */,
				D7F290222A9E5F2500FB894C /* OfferDetailViewModel.swift in Sources */,
				D72E0A522A979AF3004FC9B2 /* AppDelegate.swift in Sources */,
				D72E0A542A979AF3004FC9B2 /* SceneDelegate.swift in Sources */,
				D7D324CB2ABC5F0E008BB3E9 /* OfferAssembly.swift in Sources */,
				D7F290202A9E237600FB894C /* OfferDetailViewController.swift in Sources */,
				D7635C7C2AC1C4D2004C9D0F /* CommonAssembly.swift in Sources */,
				D7635C7A2AC1BB06004C9D0F /* NetworkManager.swift in Sources */,
				D7D324CF2ABC84C9008BB3E9 /* OfferTypeModel.swift in Sources */,
				D79D2EF42A98E39E0023DC3D /* OfferDetailModel.swift in Sources */,
			);
			runOnlyForDeploymentPostprocessing = 0;
		};
		D73EE3B42AA614E3004B30B1 /* Sources */ = {
			isa = PBXSourcesBuildPhase;
			buildActionMask = 2147483647;
			files = (
				D73EE3BB2AA614E3004B30B1 /* VodaOfferListTests.swift in Sources */,
				D7A4C0002AA7713D005C0642 /* VodaOfferDetailTests.swift in Sources */,
			);
			runOnlyForDeploymentPostprocessing = 0;
		};
/* End PBXSourcesBuildPhase section */

/* Begin PBXTargetDependency section */
		D73EE3BD2AA614E3004B30B1 /* PBXTargetDependency */ = {
			isa = PBXTargetDependency;
			target = D72E0A4D2A979AF3004FC9B2 /* VodaTest */;
			targetProxy = D73EE3BC2AA614E3004B30B1 /* PBXContainerItemProxy */;
		};
/* End PBXTargetDependency section */

/* Begin PBXVariantGroup section */
		D72E0A572A979AF3004FC9B2 /* Main.storyboard */ = {
			isa = PBXVariantGroup;
			children = (
				D72E0A582A979AF3004FC9B2 /* Base */,
			);
			name = Main.storyboard;
			sourceTree = "<group>";
		};
		D72E0A5C2A979AF5004FC9B2 /* LaunchScreen.storyboard */ = {
			isa = PBXVariantGroup;
			children = (
				D72E0A5D2A979AF5004FC9B2 /* Base */,
			);
			name = LaunchScreen.storyboard;
			sourceTree = "<group>";
		};
/* End PBXVariantGroup section */

/* Begin XCBuildConfiguration section */
		D72E0A602A979AF5004FC9B2 /* Debug */ = {
			isa = XCBuildConfiguration;
			buildSettings = {
				ALWAYS_SEARCH_USER_PATHS = NO;
				CLANG_ANALYZER_NONNULL = YES;
				CLANG_ANALYZER_NUMBER_OBJECT_CONVERSION = YES_AGGRESSIVE;
				CLANG_CXX_LANGUAGE_STANDARD = "gnu++20";
				CLANG_ENABLE_MODULES = YES;
				CLANG_ENABLE_OBJC_ARC = YES;
				CLANG_ENABLE_OBJC_WEAK = YES;
				CLANG_WARN_BLOCK_CAPTURE_AUTORELEASING = YES;
				CLANG_WARN_BOOL_CONVERSION = YES;
				CLANG_WARN_COMMA = YES;
				CLANG_WARN_CONSTANT_CONVERSION = YES;
				CLANG_WARN_DEPRECATED_OBJC_IMPLEMENTATIONS = YES;
				CLANG_WARN_DIRECT_OBJC_ISA_USAGE = YES_ERROR;
				CLANG_WARN_DOCUMENTATION_COMMENTS = YES;
				CLANG_WARN_EMPTY_BODY = YES;
				CLANG_WARN_ENUM_CONVERSION = YES;
				CLANG_WARN_INFINITE_RECURSION = YES;
				CLANG_WARN_INT_CONVERSION = YES;
				CLANG_WARN_NON_LITERAL_NULL_CONVERSION = YES;
				CLANG_WARN_OBJC_IMPLICIT_RETAIN_SELF = YES;
				CLANG_WARN_OBJC_LITERAL_CONVERSION = YES;
				CLANG_WARN_OBJC_ROOT_CLASS = YES_ERROR;
				CLANG_WARN_QUOTED_INCLUDE_IN_FRAMEWORK_HEADER = YES;
				CLANG_WARN_RANGE_LOOP_ANALYSIS = YES;
				CLANG_WARN_STRICT_PROTOTYPES = YES;
				CLANG_WARN_SUSPICIOUS_MOVE = YES;
				CLANG_WARN_UNGUARDED_AVAILABILITY = YES_AGGRESSIVE;
				CLANG_WARN_UNREACHABLE_CODE = YES;
				CLANG_WARN__DUPLICATE_METHOD_MATCH = YES;
				COPY_PHASE_STRIP = NO;
				DEBUG_INFORMATION_FORMAT = dwarf;
				ENABLE_STRICT_OBJC_MSGSEND = YES;
				ENABLE_TESTABILITY = YES;
				GCC_C_LANGUAGE_STANDARD = gnu11;
				GCC_DYNAMIC_NO_PIC = NO;
				GCC_NO_COMMON_BLOCKS = YES;
				GCC_OPTIMIZATION_LEVEL = 0;
				GCC_PREPROCESSOR_DEFINITIONS = (
					"DEBUG=1",
					"$(inherited)",
				);
				GCC_WARN_64_TO_32_BIT_CONVERSION = YES;
				GCC_WARN_ABOUT_RETURN_TYPE = YES_ERROR;
				GCC_WARN_UNDECLARED_SELECTOR = YES;
				GCC_WARN_UNINITIALIZED_AUTOS = YES_AGGRESSIVE;
				GCC_WARN_UNUSED_FUNCTION = YES;
				GCC_WARN_UNUSED_VARIABLE = YES;
				IPHONEOS_DEPLOYMENT_TARGET = 12.0;
				MTL_ENABLE_DEBUG_INFO = INCLUDE_SOURCE;
				MTL_FAST_MATH = YES;
				ONLY_ACTIVE_ARCH = YES;
				SDKROOT = iphoneos;
				SWIFT_ACTIVE_COMPILATION_CONDITIONS = DEBUG;
				SWIFT_OPTIMIZATION_LEVEL = "-Onone";
			};
			name = Debug;
		};
		D72E0A612A979AF5004FC9B2 /* Release */ = {
			isa = XCBuildConfiguration;
			buildSettings = {
				ALWAYS_SEARCH_USER_PATHS = NO;
				CLANG_ANALYZER_NONNULL = YES;
				CLANG_ANALYZER_NUMBER_OBJECT_CONVERSION = YES_AGGRESSIVE;
				CLANG_CXX_LANGUAGE_STANDARD = "gnu++20";
				CLANG_ENABLE_MODULES = YES;
				CLANG_ENABLE_OBJC_ARC = YES;
				CLANG_ENABLE_OBJC_WEAK = YES;
				CLANG_WARN_BLOCK_CAPTURE_AUTORELEASING = YES;
				CLANG_WARN_BOOL_CONVERSION = YES;
				CLANG_WARN_COMMA = YES;
				CLANG_WARN_CONSTANT_CONVERSION = YES;
				CLANG_WARN_DEPRECATED_OBJC_IMPLEMENTATIONS = YES;
				CLANG_WARN_DIRECT_OBJC_ISA_USAGE = YES_ERROR;
				CLANG_WARN_DOCUMENTATION_COMMENTS = YES;
				CLANG_WARN_EMPTY_BODY = YES;
				CLANG_WARN_ENUM_CONVERSION = YES;
				CLANG_WARN_INFINITE_RECURSION = YES;
				CLANG_WARN_INT_CONVERSION = YES;
				CLANG_WARN_NON_LITERAL_NULL_CONVERSION = YES;
				CLANG_WARN_OBJC_IMPLICIT_RETAIN_SELF = YES;
				CLANG_WARN_OBJC_LITERAL_CONVERSION = YES;
				CLANG_WARN_OBJC_ROOT_CLASS = YES_ERROR;
				CLANG_WARN_QUOTED_INCLUDE_IN_FRAMEWORK_HEADER = YES;
				CLANG_WARN_RANGE_LOOP_ANALYSIS = YES;
				CLANG_WARN_STRICT_PROTOTYPES = YES;
				CLANG_WARN_SUSPICIOUS_MOVE = YES;
				CLANG_WARN_UNGUARDED_AVAILABILITY = YES_AGGRESSIVE;
				CLANG_WARN_UNREACHABLE_CODE = YES;
				CLANG_WARN__DUPLICATE_METHOD_MATCH = YES;
				COPY_PHASE_STRIP = NO;
				DEBUG_INFORMATION_FORMAT = "dwarf-with-dsym";
				ENABLE_NS_ASSERTIONS = NO;
				ENABLE_STRICT_OBJC_MSGSEND = YES;
				GCC_C_LANGUAGE_STANDARD = gnu11;
				GCC_NO_COMMON_BLOCKS = YES;
				GCC_WARN_64_TO_32_BIT_CONVERSION = YES;
				GCC_WARN_ABOUT_RETURN_TYPE = YES_ERROR;
				GCC_WARN_UNDECLARED_SELECTOR = YES;
				GCC_WARN_UNINITIALIZED_AUTOS = YES_AGGRESSIVE;
				GCC_WARN_UNUSED_FUNCTION = YES;
				GCC_WARN_UNUSED_VARIABLE = YES;
				IPHONEOS_DEPLOYMENT_TARGET = 12.0;
				MTL_ENABLE_DEBUG_INFO = NO;
				MTL_FAST_MATH = YES;
				SDKROOT = iphoneos;
				SWIFT_COMPILATION_MODE = wholemodule;
				SWIFT_OPTIMIZATION_LEVEL = "-O";
				VALIDATE_PRODUCT = YES;
			};
			name = Release;
		};
		D72E0A632A979AF5004FC9B2 /* Debug */ = {
			isa = XCBuildConfiguration;
			baseConfigurationReference = C82980FA914078984430F789 /* Pods-VodaTest.debug.xcconfig */;
			buildSettings = {
				ASSETCATALOG_COMPILER_APPICON_NAME = AppIcon;
				ASSETCATALOG_COMPILER_GLOBAL_ACCENT_COLOR_NAME = AccentColor;
				CODE_SIGN_STYLE = Automatic;
				CURRENT_PROJECT_VERSION = 1;
				GENERATE_INFOPLIST_FILE = YES;
				INFOPLIST_FILE = VodaTest/Info.plist;
				INFOPLIST_KEY_UIApplicationSupportsIndirectInputEvents = YES;
				INFOPLIST_KEY_UILaunchStoryboardName = LaunchScreen;
				INFOPLIST_KEY_UIMainStoryboardFile = Main;
				INFOPLIST_KEY_UISupportedInterfaceOrientations_iPad = "UIInterfaceOrientationPortrait UIInterfaceOrientationPortraitUpsideDown UIInterfaceOrientationLandscapeLeft UIInterfaceOrientationLandscapeRight";
				INFOPLIST_KEY_UISupportedInterfaceOrientations_iPhone = "UIInterfaceOrientationPortrait UIInterfaceOrientationLandscapeLeft UIInterfaceOrientationLandscapeRight";
				IPHONEOS_DEPLOYMENT_TARGET = 12.0;
				LD_RUNPATH_SEARCH_PATHS = (
					"$(inherited)",
					"@executable_path/Frameworks",
				);
				MARKETING_VERSION = 1.0;
				PRODUCT_BUNDLE_IDENTIFIER = com.florian.VodaTest;
				PRODUCT_NAME = "$(TARGET_NAME)";
				SUPPORTED_PLATFORMS = "iphoneos iphonesimulator";
				SUPPORTS_MACCATALYST = NO;
				SUPPORTS_MAC_DESIGNED_FOR_IPHONE_IPAD = NO;
				SWIFT_EMIT_LOC_STRINGS = YES;
				SWIFT_VERSION = 5.0;
				TARGETED_DEVICE_FAMILY = 1;
			};
			name = Debug;
		};
		D72E0A642A979AF5004FC9B2 /* Release */ = {
			isa = XCBuildConfiguration;
			baseConfigurationReference = 1BA94D0A683C5C181EDCAC94 /* Pods-VodaTest.release.xcconfig */;
			buildSettings = {
				ASSETCATALOG_COMPILER_APPICON_NAME = AppIcon;
				ASSETCATALOG_COMPILER_GLOBAL_ACCENT_COLOR_NAME = AccentColor;
				CODE_SIGN_STYLE = Automatic;
				CURRENT_PROJECT_VERSION = 1;
				GENERATE_INFOPLIST_FILE = YES;
				INFOPLIST_FILE = VodaTest/Info.plist;
				INFOPLIST_KEY_UIApplicationSupportsIndirectInputEvents = YES;
				INFOPLIST_KEY_UILaunchStoryboardName = LaunchScreen;
				INFOPLIST_KEY_UIMainStoryboardFile = Main;
				INFOPLIST_KEY_UISupportedInterfaceOrientations_iPad = "UIInterfaceOrientationPortrait UIInterfaceOrientationPortraitUpsideDown UIInterfaceOrientationLandscapeLeft UIInterfaceOrientationLandscapeRight";
				INFOPLIST_KEY_UISupportedInterfaceOrientations_iPhone = "UIInterfaceOrientationPortrait UIInterfaceOrientationLandscapeLeft UIInterfaceOrientationLandscapeRight";
				IPHONEOS_DEPLOYMENT_TARGET = 12.0;
				LD_RUNPATH_SEARCH_PATHS = (
					"$(inherited)",
					"@executable_path/Frameworks",
				);
				MARKETING_VERSION = 1.0;
				PRODUCT_BUNDLE_IDENTIFIER = com.florian.VodaTest;
				PRODUCT_NAME = "$(TARGET_NAME)";
				SUPPORTED_PLATFORMS = "iphoneos iphonesimulator";
				SUPPORTS_MACCATALYST = NO;
				SUPPORTS_MAC_DESIGNED_FOR_IPHONE_IPAD = NO;
				SWIFT_EMIT_LOC_STRINGS = YES;
				SWIFT_VERSION = 5.0;
				TARGETED_DEVICE_FAMILY = 1;
			};
			name = Release;
		};
		D73EE3BF2AA614E3004B30B1 /* Debug */ = {
			isa = XCBuildConfiguration;
			baseConfigurationReference = 10A0A52BCFB694DA083C08AB /* Pods-VodaTestTests.debug.xcconfig */;
			buildSettings = {
				BUNDLE_LOADER = "$(TEST_HOST)";
				CODE_SIGN_STYLE = Automatic;
				CURRENT_PROJECT_VERSION = 1;
				GENERATE_INFOPLIST_FILE = YES;
				IPHONEOS_DEPLOYMENT_TARGET = 12.0;
				MARKETING_VERSION = 1.0;
				PRODUCT_BUNDLE_IDENTIFIER = com.florian.VodaTestTests;
				PRODUCT_NAME = "$(TARGET_NAME)";
				SWIFT_EMIT_LOC_STRINGS = NO;
				SWIFT_VERSION = 5.0;
				TARGETED_DEVICE_FAMILY = "1,2";
				TEST_HOST = "$(BUILT_PRODUCTS_DIR)/VodaTest.app/$(BUNDLE_EXECUTABLE_FOLDER_PATH)/VodaTest";
			};
			name = Debug;
		};
		D73EE3C02AA614E3004B30B1 /* Release */ = {
			isa = XCBuildConfiguration;
			baseConfigurationReference = C55D6BEB538585C08C3795DA /* Pods-VodaTestTests.release.xcconfig */;
			buildSettings = {
				BUNDLE_LOADER = "$(TEST_HOST)";
				CODE_SIGN_STYLE = Automatic;
				CURRENT_PROJECT_VERSION = 1;
				GENERATE_INFOPLIST_FILE = YES;
				IPHONEOS_DEPLOYMENT_TARGET = 12.0;
				MARKETING_VERSION = 1.0;
				PRODUCT_BUNDLE_IDENTIFIER = com.florian.VodaTestTests;
				PRODUCT_NAME = "$(TARGET_NAME)";
				SWIFT_EMIT_LOC_STRINGS = NO;
				SWIFT_VERSION = 5.0;
				TARGETED_DEVICE_FAMILY = "1,2";
				TEST_HOST = "$(BUILT_PRODUCTS_DIR)/VodaTest.app/$(BUNDLE_EXECUTABLE_FOLDER_PATH)/VodaTest";
			};
			name = Release;
		};
/* End XCBuildConfiguration section */

/* Begin XCConfigurationList section */
		D72E0A492A979AF3004FC9B2 /* Build configuration list for PBXProject "VodaTest" */ = {
			isa = XCConfigurationList;
			buildConfigurations = (
				D72E0A602A979AF5004FC9B2 /* Debug */,
				D72E0A612A979AF5004FC9B2 /* Release */,
			);
			defaultConfigurationIsVisible = 0;
			defaultConfigurationName = Release;
		};
		D72E0A622A979AF5004FC9B2 /* Build configuration list for PBXNativeTarget "VodaTest" */ = {
			isa = XCConfigurationList;
			buildConfigurations = (
				D72E0A632A979AF5004FC9B2 /* Debug */,
				D72E0A642A979AF5004FC9B2 /* Release */,
			);
			defaultConfigurationIsVisible = 0;
			defaultConfigurationName = Release;
		};
		D73EE3BE2AA614E3004B30B1 /* Build configuration list for PBXNativeTarget "VodaTestTests" */ = {
			isa = XCConfigurationList;
			buildConfigurations = (
				D73EE3BF2AA614E3004B30B1 /* Debug */,
				D73EE3C02AA614E3004B30B1 /* Release */,
			);
			defaultConfigurationIsVisible = 0;
			defaultConfigurationName = Release;
		};
/* End XCConfigurationList section */
	};
	rootObject = D72E0A462A979AF3004FC9B2 /* Project object */;
}
